
Microsoft Visual Studio Solution File, Format Version 12.00
# Visual Studio 15
VisualStudioVersion = 15.0.28307.1972
MinimumVisualStudioVersion = 10.0.40219.1
Project("{FAE04EC0-301F-11D3-BF4B-00C04F79EFBC}") = "DemoQLSV", "DemoQLSV\DemoQLSV.csproj", "{044C2F90-A378-4BA7-8A38-9D65F7EB18FF}"
EndProject
Global
	GlobalSection(SolutionConfigurationPlatforms) = preSolution
		Debug|Any CPU = Debug|Any CPU
		Release|Any CPU = Release|Any CPU
	EndGlobalSection
	GlobalSection(ProjectConfigurationPlatforms) = postSolution
		{044C2F90-A378-4BA7-8A38-9D65F7EB18FF}.Debug|Any CPU.ActiveCfg = Debug|Any CPU
		{044C2F90-A378-4BA7-8A38-9D65F7EB18FF}.Debug|Any CPU.Build.0 = Debug|Any CPU
		{044C2F90-A378-4BA7-8A38-9D65F7EB18FF}.Release|Any CPU.ActiveCfg = Release|Any CPU
		{044C2F90-A378-4BA7-8A38-9D65F7EB18FF}.Release|Any CPU.Build.0 = Release|Any CPU
	EndGlobalSection
	GlobalSection(SolutionProperties) = preSolution
		HideSolutionNode = FALSE
	EndGlobalSection
	GlobalSection(ExtensibilityGlobals) = postSolution
		SolutionGuid = {C9AAEEA0-7021-479D-A430-546B0EE45DF1}
	EndGlobalSection
EndGlobal
